// !$*UTF8*$!
{
	archiveVersion = 1;
	classes = {
	};
	objectVersion = 46;
	objects = {

/* Begin PBXBuildFile section */
		1D3623260D0F684500981E51 /* devcampipadAppDelegate.mm in Sources */ = {isa = PBXBuildFile; fileRef = 1D3623250D0F684500981E51 /* devcampipadAppDelegate.mm */; };
		1D60589B0D05DD56006BFB54 /* main.m in Sources */ = {isa = PBXBuildFile; fileRef = 29B97316FDCFA39411CA2CEA /* main.m */; };
		1D60589F0D05DD5A006BFB54 /* Foundation.framework in Frameworks */ = {isa = PBXBuildFile; fileRef = 1D30AB110D05D00D00671497 /* Foundation.framework */; };
		1DF5F4E00D08C38300B7A737 /* UIKit.framework in Frameworks */ = {isa = PBXBuildFile; fileRef = 1DF5F4DF0D08C38300B7A737 /* UIKit.framework */; };
		288765FD0DF74451002DB57D /* CoreGraphics.framework in Frameworks */ = {isa = PBXBuildFile; fileRef = 288765FC0DF74451002DB57D /* CoreGraphics.framework */; };
		28AD733F0D9D9553002E5188 /* MainWindow-iPad.xib in Resources */ = {isa = PBXBuildFile; fileRef = 28AD733E0D9D9553002E5188 /* MainWindow-iPad.xib */; };
		29F4537C11AB6EE300C8BCDB /* h_choosetank.png in Resources */ = {isa = PBXBuildFile; fileRef = 29F4537711AB6EE300C8BCDB /* h_choosetank.png */; };
		29F4537D11AB6EE300C8BCDB /* ibtn_connect.png in Resources */ = {isa = PBXBuildFile; fileRef = 29F4537811AB6EE300C8BCDB /* ibtn_connect.png */; };
		29F4537E11AB6EE300C8BCDB /* ibtn_huh.png in Resources */ = {isa = PBXBuildFile; fileRef = 29F4537911AB6EE300C8BCDB /* ibtn_huh.png */; };
		29F4537F11AB6EE300C8BCDB /* ibtn_save.png in Resources */ = {isa = PBXBuildFile; fileRef = 29F4537A11AB6EE300C8BCDB /* ibtn_save.png */; };
		29F4538011AB6EE300C8BCDB /* ibtn_what.png in Resources */ = {isa = PBXBuildFile; fileRef = 29F4537B11AB6EE300C8BCDB /* ibtn_what.png */; };
		29F4538211AB6F7C00C8BCDB /* tank_01.png in Resources */ = {isa = PBXBuildFile; fileRef = 29F4538111AB6F7C00C8BCDB /* tank_01.png */; };
		29F4539411AB728B00C8BCDB /* case_tankers.png in Resources */ = {isa = PBXBuildFile; fileRef = 29F4539311AB728B00C8BCDB /* case_tankers.png */; };
		29F4539C11AB76DE00C8BCDB /* connected_background.png in Resources */ = {isa = PBXBuildFile; fileRef = 29F4539B11AB76DE00C8BCDB /* connected_background.png */; };
		322F261B15BB8ABB002ADD90 /* GameServer.m in Sources */ = {isa = PBXBuildFile; fileRef = 322F261A15BB8ABB002ADD90 /* GameServer.m */; };
		322F262715BBA921002ADD90 /* GameHostViewControllerViewController.m in Sources */ = {isa = PBXBuildFile; fileRef = 322F262615BBA921002ADD90 /* GameHostViewControllerViewController.m */; };
		322F262A15BBA949002ADD90 /* GameHostViewControllerViewController.xib in Resources */ = {isa = PBXBuildFile; fileRef = 322F262915BBA949002ADD90 /* GameHostViewControllerViewController.xib */; };
		A203680C119894F100673E4C /* GameOverViewController.m in Sources */ = {isa = PBXBuildFile; fileRef = A203680A119894F100673E4C /* GameOverViewController.m */; };
		A203680D119894F100673E4C /* GameOverViewController.xib in Resources */ = {isa = PBXBuildFile; fileRef = A203680B119894F100673E4C /* GameOverViewController.xib */; };
		A222E1D1117AE736003F81C0 /* loading0.png in Resources */ = {isa = PBXBuildFile; fileRef = A222E1BF117AE735003F81C0 /* loading0.png */; };
		A222E1D2117AE736003F81C0 /* loading1.png in Resources */ = {isa = PBXBuildFile; fileRef = A222E1C0117AE735003F81C0 /* loading1.png */; };
		A222E1D3117AE736003F81C0 /* loading10.png in Resources */ = {isa = PBXBuildFile; fileRef = A222E1C1117AE735003F81C0 /* loading10.png */; };
		A222E1D4117AE736003F81C0 /* loading11.png in Resources */ = {isa = PBXBuildFile; fileRef = A222E1C2117AE735003F81C0 /* loading11.png */; };
		A222E1D5117AE736003F81C0 /* loading12.png in Resources */ = {isa = PBXBuildFile; fileRef = A222E1C3117AE735003F81C0 /* loading12.png */; };
		A222E1D6117AE736003F81C0 /* loading13.png in Resources */ = {isa = PBXBuildFile; fileRef = A222E1C4117AE735003F81C0 /* loading13.png */; };
		A222E1D7117AE736003F81C0 /* loading14.png in Resources */ = {isa = PBXBuildFile; fileRef = A222E1C5117AE736003F81C0 /* loading14.png */; };
		A222E1D8117AE736003F81C0 /* loading15.png in Resources */ = {isa = PBXBuildFile; fileRef = A222E1C6117AE736003F81C0 /* loading15.png */; };
		A222E1D9117AE736003F81C0 /* loading16.png in Resources */ = {isa = PBXBuildFile; fileRef = A222E1C7117AE736003F81C0 /* loading16.png */; };
		A222E1DA117AE736003F81C0 /* loading17.png in Resources */ = {isa = PBXBuildFile; fileRef = A222E1C8117AE736003F81C0 /* loading17.png */; };
		A222E1DB117AE736003F81C0 /* loading2.png in Resources */ = {isa = PBXBuildFile; fileRef = A222E1C9117AE736003F81C0 /* loading2.png */; };
		A222E1DC117AE736003F81C0 /* loading3.png in Resources */ = {isa = PBXBuildFile; fileRef = A222E1CA117AE736003F81C0 /* loading3.png */; };
		A222E1DD117AE736003F81C0 /* loading4.png in Resources */ = {isa = PBXBuildFile; fileRef = A222E1CB117AE736003F81C0 /* loading4.png */; };
		A222E1DE117AE736003F81C0 /* loading5.png in Resources */ = {isa = PBXBuildFile; fileRef = A222E1CC117AE736003F81C0 /* loading5.png */; };
		A222E1DF117AE736003F81C0 /* loading6.png in Resources */ = {isa = PBXBuildFile; fileRef = A222E1CD117AE736003F81C0 /* loading6.png */; };
		A222E1E0117AE736003F81C0 /* loading7.png in Resources */ = {isa = PBXBuildFile; fileRef = A222E1CE117AE736003F81C0 /* loading7.png */; };
		A222E1E1117AE736003F81C0 /* loading8.png in Resources */ = {isa = PBXBuildFile; fileRef = A222E1CF117AE736003F81C0 /* loading8.png */; };
		A222E1E2117AE736003F81C0 /* loading9.png in Resources */ = {isa = PBXBuildFile; fileRef = A222E1D0117AE736003F81C0 /* loading9.png */; };
		A232E961119E6E1A009B8E39 /* TDiPadControllerView.m in Sources */ = {isa = PBXBuildFile; fileRef = A232E95F119E6E1A009B8E39 /* TDiPadControllerView.m */; };
		A27F7084117994730020433A /* GameKit.framework in Frameworks */ = {isa = PBXBuildFile; fileRef = A27F7083117994730020433A /* GameKit.framework */; };
		A29954A711AB8233007555F4 /* btn_start.png in Resources */ = {isa = PBXBuildFile; fileRef = A29954A411AB8233007555F4 /* btn_start.png */; };
		A29954A811AB8233007555F4 /* btn_play.png in Resources */ = {isa = PBXBuildFile; fileRef = A29954A511AB8233007555F4 /* btn_play.png */; };
		A29954A911AB8233007555F4 /* btn_help.png in Resources */ = {isa = PBXBuildFile; fileRef = A29954A611AB8233007555F4 /* btn_help.png */; };
		A29954AC11AB8241007555F4 /* newgame_tablebg_connect.png in Resources */ = {isa = PBXBuildFile; fileRef = A29954AA11AB8241007555F4 /* newgame_tablebg_connect.png */; };
		A29954AD11AB8241007555F4 /* _screen_newgame.png in Resources */ = {isa = PBXBuildFile; fileRef = A29954AB11AB8241007555F4 /* _screen_newgame.png */; };
		A29954D011AB8C16007555F4 /* newgame_light_connect.png in Resources */ = {isa = PBXBuildFile; fileRef = A29954CF11AB8C16007555F4 /* newgame_light_connect.png */; };
		A29954D211AB8C20007555F4 /* newgame_light_idle.png in Resources */ = {isa = PBXBuildFile; fileRef = A29954D111AB8C20007555F4 /* newgame_light_idle.png */; };
		A2AACD8E11913B1E006193E1 /* MainWindow.xib in Resources */ = {isa = PBXBuildFile; fileRef = A2AACD8D11913B1E006193E1 /* MainWindow.xib */; };
		A2AACD9E11913BE4006193E1 /* AppDelegate.m in Sources */ = {isa = PBXBuildFile; fileRef = A2AACD9611913BE4006193E1 /* AppDelegate.m */; };
		A2AACD9F11913BE4006193E1 /* TankPickerController.m in Sources */ = {isa = PBXBuildFile; fileRef = A2AACD9811913BE4006193E1 /* TankPickerController.m */; };
		A2AACDA011913BE4006193E1 /* TankPickerController.xib in Resources */ = {isa = PBXBuildFile; fileRef = A2AACD9911913BE4006193E1 /* TankPickerController.xib */; };
		A2AACDA111913BE4006193E1 /* TKThumbSlider.m in Sources */ = {isa = PBXBuildFile; fileRef = A2AACD9B11913BE4006193E1 /* TKThumbSlider.m */; };
		A2AACDA211913BE4006193E1 /* TXSlider.m in Sources */ = {isa = PBXBuildFile; fileRef = A2AACD9D11913BE4006193E1 /* TXSlider.m */; };
		A2AACDA811913C55006193E1 /* ControlsViewController.xib in Resources */ = {isa = PBXBuildFile; fileRef = A2AACDA511913C55006193E1 /* ControlsViewController.xib */; };
		A2AACDA911913C55006193E1 /* ControlsViewController.m in Sources */ = {isa = PBXBuildFile; fileRef = A2AACDA611913C55006193E1 /* ControlsViewController.m */; };
		A2AACDBB11913CB6006193E1 /* AudioToolbox.framework in Frameworks */ = {isa = PBXBuildFile; fileRef = A2AACDBA11913CB6006193E1 /* AudioToolbox.framework */; };
		A2AACDE711913E78006193E1 /* uiSlider_thumb.png in Resources */ = {isa = PBXBuildFile; fileRef = A2AACDC611913E78006193E1 /* uiSlider_thumb.png */; };
		A2AACDE811913E78006193E1 /* txt_chooseTank.png in Resources */ = {isa = PBXBuildFile; fileRef = A2AACDC711913E78006193E1 /* txt_chooseTank.png */; };
		A2AACDF611913E78006193E1 /* controller_healthbar.png in Resources */ = {isa = PBXBuildFile; fileRef = A2AACDE211913E78006193E1 /* controller_healthbar.png */; };
		A2AACDF711913E78006193E1 /* controller_header.png in Resources */ = {isa = PBXBuildFile; fileRef = A2AACDE311913E78006193E1 /* controller_header.png */; };
		A2AACDF811913E78006193E1 /* controller_background.png in Resources */ = {isa = PBXBuildFile; fileRef = A2AACDE411913E78006193E1 /* controller_background.png */; };
		A2AACDF911913E78006193E1 /* button_fire_up.png in Resources */ = {isa = PBXBuildFile; fileRef = A2AACDE511913E78006193E1 /* button_fire_up.png */; };
		A2AACDFA11913E78006193E1 /* button_fire_down.png in Resources */ = {isa = PBXBuildFile; fileRef = A2AACDE611913E78006193E1 /* button_fire_down.png */; };
		A2AACE3A119140F0006193E1 /* uiSlider_track.png in Resources */ = {isa = PBXBuildFile; fileRef = A2AACE20119140F0006193E1 /* uiSlider_track.png */; };
		A2AACE3B119140F0006193E1 /* tanktank_bg.png in Resources */ = {isa = PBXBuildFile; fileRef = A2AACE21119140F0006193E1 /* tanktank_bg.png */; };
		A2AACE3C119140F0006193E1 /* tanktank_bg-1.png in Resources */ = {isa = PBXBuildFile; fileRef = A2AACE22119140F0006193E1 /* tanktank_bg-1.png */; };
		A2AACE3D119140F0006193E1 /* tank_bullet.png in Resources */ = {isa = PBXBuildFile; fileRef = A2AACE23119140F0006193E1 /* tank_bullet.png */; };
		A2AACE3E119140F0006193E1 /* tank_04.png in Resources */ = {isa = PBXBuildFile; fileRef = A2AACE24119140F0006193E1 /* tank_04.png */; };
		A2AACE3F119140F0006193E1 /* tank_03.png in Resources */ = {isa = PBXBuildFile; fileRef = A2AACE25119140F0006193E1 /* tank_03.png */; };
		A2AACE40119140F0006193E1 /* tank_02.png in Resources */ = {isa = PBXBuildFile; fileRef = A2AACE26119140F0006193E1 /* tank_02.png */; };
		A2AACE42119140F0006193E1 /* shield.png in Resources */ = {isa = PBXBuildFile; fileRef = A2AACE28119140F0006193E1 /* shield.png */; };
		A2AACE43119140F0006193E1 /* lockIcon.png in Resources */ = {isa = PBXBuildFile; fileRef = A2AACE29119140F0006193E1 /* lockIcon.png */; };
		A2AACE44119140F0006193E1 /* Icon.png in Resources */ = {isa = PBXBuildFile; fileRef = A2AACE2A119140F0006193E1 /* Icon.png */; };
		A2AACE45119140F0006193E1 /* Icon-iPhone.png in Resources */ = {isa = PBXBuildFile; fileRef = A2AACE2B119140F0006193E1 /* Icon-iPhone.png */; };
		A2AACE46119140F0006193E1 /* Default-Portrait.png in Resources */ = {isa = PBXBuildFile; fileRef = A2AACE2C119140F0006193E1 /* Default-Portrait.png */; };
		A2AACE47119140F0006193E1 /* Default-Landscape.png in Resources */ = {isa = PBXBuildFile; fileRef = A2AACE2D119140F0006193E1 /* Default-Landscape.png */; };
		A2AACE48119140F0006193E1 /* Default-iPhone.png in Resources */ = {isa = PBXBuildFile; fileRef = A2AACE2E119140F0006193E1 /* Default-iPhone.png */; };
		A2AACE49119140F0006193E1 /* bang0011.png in Resources */ = {isa = PBXBuildFile; fileRef = A2AACE2F119140F0006193E1 /* bang0011.png */; };
		A2AACE4A119140F0006193E1 /* bang0010.png in Resources */ = {isa = PBXBuildFile; fileRef = A2AACE30119140F0006193E1 /* bang0010.png */; };
		A2AACE4B119140F0006193E1 /* bang0009.png in Resources */ = {isa = PBXBuildFile; fileRef = A2AACE31119140F0006193E1 /* bang0009.png */; };
		A2AACE4C119140F0006193E1 /* bang0008.png in Resources */ = {isa = PBXBuildFile; fileRef = A2AACE32119140F0006193E1 /* bang0008.png */; };
		A2AACE4D119140F0006193E1 /* bang0007.png in Resources */ = {isa = PBXBuildFile; fileRef = A2AACE33119140F0006193E1 /* bang0007.png */; };
		A2AACE4E119140F0006193E1 /* bang0006.png in Resources */ = {isa = PBXBuildFile; fileRef = A2AACE34119140F0006193E1 /* bang0006.png */; };
		A2AACE4F119140F0006193E1 /* bang0005.png in Resources */ = {isa = PBXBuildFile; fileRef = A2AACE35119140F0006193E1 /* bang0005.png */; };
		A2AACE50119140F0006193E1 /* bang0004.png in Resources */ = {isa = PBXBuildFile; fileRef = A2AACE36119140F0006193E1 /* bang0004.png */; };
		A2AACE51119140F0006193E1 /* bang0003.png in Resources */ = {isa = PBXBuildFile; fileRef = A2AACE37119140F0006193E1 /* bang0003.png */; };
		A2AACE52119140F0006193E1 /* bang0002.png in Resources */ = {isa = PBXBuildFile; fileRef = A2AACE38119140F0006193E1 /* bang0002.png */; };
		A2AACE53119140F0006193E1 /* bang0001.png in Resources */ = {isa = PBXBuildFile; fileRef = A2AACE39119140F0006193E1 /* bang0001.png */; };
		A2AACE571191418B006193E1 /* Sound.m in Sources */ = {isa = PBXBuildFile; fileRef = A2AACE561191418B006193E1 /* Sound.m */; };
		A2AE33C8117B918200BA4B12 /* btn_new-1.png in Resources */ = {isa = PBXBuildFile; fileRef = A2AE33C7117B918200BA4B12 /* btn_new-1.png */; };
		A2AE33CA117B919300BA4B12 /* btn_stop.png in Resources */ = {isa = PBXBuildFile; fileRef = A2AE33C9117B919300BA4B12 /* btn_stop.png */; };
		A2AE33D5117B924500BA4B12 /* btn_join.png in Resources */ = {isa = PBXBuildFile; fileRef = A2AE33D4117B924500BA4B12 /* btn_join.png */; };
		A2AE33FA117B93C700BA4B12 /* AVFoundation.framework in Frameworks */ = {isa = PBXBuildFile; fileRef = A2AE33F9117B93C700BA4B12 /* AVFoundation.framework */; };
		A2CF266511E90D5000C1EF8F /* LocalTankViewController.m in Sources */ = {isa = PBXBuildFile; fileRef = A2CF266311E90D5000C1EF8F /* LocalTankViewController.m */; };
		A2ECDEE6119E577600F8DFA7 /* TDiPadMenuViewController.m in Sources */ = {isa = PBXBuildFile; fileRef = A2ECDEE3119E577600F8DFA7 /* TDiPadMenuViewController.m */; };
		A2ECDEE7119E577600F8DFA7 /* TDiPadMenuViewController.xib in Resources */ = {isa = PBXBuildFile; fileRef = A2ECDEE4119E577600F8DFA7 /* TDiPadMenuViewController.xib */; };
		A2EF48FE1179A245008647C5 /* Player.m in Sources */ = {isa = PBXBuildFile; fileRef = A2EF48FD1179A245008647C5 /* Player.m */; };
		ACAD992F15BB8C03007E393F /* StartTankViewController.m in Sources */ = {isa = PBXBuildFile; fileRef = ACAD992D15BB8C03007E393F /* StartTankViewController.m */; };
		ACAD993015BB8C03007E393F /* StartTankViewController.xib in Resources */ = {isa = PBXBuildFile; fileRef = ACAD992E15BB8C03007E393F /* StartTankViewController.xib */; };
		ACAD994215BBA790007E393F /* Icon_addprofile.png in Resources */ = {isa = PBXBuildFile; fileRef = ACAD994115BBA790007E393F /* Icon_addprofile.png */; };
		ACAD994715BBAE78007E393F /* InfoViewController.m in Sources */ = {isa = PBXBuildFile; fileRef = ACAD994515BBAE77007E393F /* InfoViewController.m */; };
		ACAD994815BBAE78007E393F /* InfoViewController.xib in Resources */ = {isa = PBXBuildFile; fileRef = ACAD994615BBAE77007E393F /* InfoViewController.xib */; };
		C2DF4ADA15BB72EF006BB537 /* MediaPlayer.framework in Frameworks */ = {isa = PBXBuildFile; fileRef = C2DF4AD915BB72EE006BB537 /* MediaPlayer.framework */; };
		FC8F7F551181685400A7D474 /* Vector.m in Sources */ = {isa = PBXBuildFile; fileRef = FC8F7F541181685400A7D474 /* Vector.m */; };
		FC9481E8119FF17000B7A401 /* smoke.png in Resources */ = {isa = PBXBuildFile; fileRef = FC9481E7119FF17000B7A401 /* smoke.png */; };
		FCA4C328117E875E00968BA9 /* connected.caf in Resources */ = {isa = PBXBuildFile; fileRef = FCA4C323117E875E00968BA9 /* connected.caf */; };
		FCA4C329117E875E00968BA9 /* fire.caf in Resources */ = {isa = PBXBuildFile; fileRef = FCA4C324117E875E00968BA9 /* fire.caf */; };
		FCA4C32A117E875E00968BA9 /* hit.caf in Resources */ = {isa = PBXBuildFile; fileRef = FCA4C325117E875E00968BA9 /* hit.caf */; };
		FCA4C32B117E875E00968BA9 /* soundtrack.mp3 in Resources */ = {isa = PBXBuildFile; fileRef = FCA4C326117E875E00968BA9 /* soundtrack.mp3 */; };
		FCA4C32C117E875E00968BA9 /* track.caf in Resources */ = {isa = PBXBuildFile; fileRef = FCA4C327117E875E00968BA9 /* track.caf */; };
		FCB75D8B119FC99000662CD5 /* fps_images.png in Resources */ = {isa = PBXBuildFile; fileRef = FCB75D88119FC99000662CD5 /* fps_images.png */; };
		FCB75D8C119FC99000662CD5 /* stars.png in Resources */ = {isa = PBXBuildFile; fileRef = FCB75D89119FC99000662CD5 /* stars.png */; };
		FCB75D8D119FC99000662CD5 /* stars.pvr in Resources */ = {isa = PBXBuildFile; fileRef = FCB75D8A119FC99000662CD5 /* stars.pvr */; };
		FCC68733117AFC570020FB46 /* PowerUp.m in Sources */ = {isa = PBXBuildFile; fileRef = FCC68732117AFC570020FB46 /* PowerUp.m */; };
		FCC72358119E066A0053F536 /* OpenGLES.framework in Frameworks */ = {isa = PBXBuildFile; fileRef = FCC72357119E066A0053F536 /* OpenGLES.framework */; };
		FCC72369119E068A0053F536 /* OpenAL.framework in Frameworks */ = {isa = PBXBuildFile; fileRef = FCC72368119E068A0053F536 /* OpenAL.framework */; };
		FCC72374119E06A80053F536 /* libz.dylib in Frameworks */ = {isa = PBXBuildFile; fileRef = FCC72373119E06A80053F536 /* libz.dylib */; };
		FCC7237E119E0B2D0053F536 /* QuartzCore.framework in Frameworks */ = {isa = PBXBuildFile; fileRef = FCC7237D119E0B2D0053F536 /* QuartzCore.framework */; };
		FCC724CE119E1B280053F536 /* ball.png in Resources */ = {isa = PBXBuildFile; fileRef = FCC724CD119E1B280053F536 /* ball.png */; };
		FCCC2393117ED75900C7266C /* Cyborg.m in Sources */ = {isa = PBXBuildFile; fileRef = FCCC2392117ED75900C7266C /* Cyborg.m */; };
		FCCC246A117EE18B00C7266C /* TouchController.m in Sources */ = {isa = PBXBuildFile; fileRef = FCCC2469117EE18B00C7266C /* TouchController.m */; };
		FCE1D8D5117A80DC00B18940 /* Bullet.m in Sources */ = {isa = PBXBuildFile; fileRef = FCE1D8D4117A80DC00B18940 /* Bullet.m */; };
/* End PBXBuildFile section */

/* Begin PBXFileReference section */
		1D30AB110D05D00D00671497 /* Foundation.framework */ = {isa = PBXFileReference; lastKnownFileType = wrapper.framework; name = Foundation.framework; path = System/Library/Frameworks/Foundation.framework; sourceTree = SDKROOT; };
		1D3623240D0F684500981E51 /* devcampipadAppDelegate.h */ = {isa = PBXFileReference; fileEncoding = 4; lastKnownFileType = sourcecode.c.h; path = devcampipadAppDelegate.h; sourceTree = "<group>"; };
		1D3623250D0F684500981E51 /* devcampipadAppDelegate.mm */ = {isa = PBXFileReference; fileEncoding = 4; lastKnownFileType = sourcecode.cpp.objcpp; path = devcampipadAppDelegate.mm; sourceTree = "<group>"; };
		1D6058910D05DD3D006BFB54 /* devcampipad.app */ = {isa = PBXFileReference; explicitFileType = wrapper.application; includeInIndex = 0; path = devcampipad.app; sourceTree = BUILT_PRODUCTS_DIR; };
		1DF5F4DF0D08C38300B7A737 /* UIKit.framework */ = {isa = PBXFileReference; lastKnownFileType = wrapper.framework; name = UIKit.framework; path = System/Library/Frameworks/UIKit.framework; sourceTree = SDKROOT; };
		288765FC0DF74451002DB57D /* CoreGraphics.framework */ = {isa = PBXFileReference; lastKnownFileType = wrapper.framework; name = CoreGraphics.framework; path = System/Library/Frameworks/CoreGraphics.framework; sourceTree = SDKROOT; };
		28AD733E0D9D9553002E5188 /* MainWindow-iPad.xib */ = {isa = PBXFileReference; lastKnownFileType = file.xib; name = "MainWindow-iPad.xib"; path = "../MainWindow-iPad.xib"; sourceTree = "<group>"; };
		29B97316FDCFA39411CA2CEA /* main.m */ = {isa = PBXFileReference; fileEncoding = 4; lastKnownFileType = sourcecode.c.objc; name = main.m; path = ../main.m; sourceTree = "<group>"; };
		29F4537711AB6EE300C8BCDB /* h_choosetank.png */ = {isa = PBXFileReference; lastKnownFileType = image.png; path = h_choosetank.png; sourceTree = "<group>"; };
		29F4537811AB6EE300C8BCDB /* ibtn_connect.png */ = {isa = PBXFileReference; lastKnownFileType = image.png; path = ibtn_connect.png; sourceTree = "<group>"; };
		29F4537911AB6EE300C8BCDB /* ibtn_huh.png */ = {isa = PBXFileReference; lastKnownFileType = image.png; path = ibtn_huh.png; sourceTree = "<group>"; };
		29F4537A11AB6EE300C8BCDB /* ibtn_save.png */ = {isa = PBXFileReference; lastKnownFileType = image.png; path = ibtn_save.png; sourceTree = "<group>"; };
		29F4537B11AB6EE300C8BCDB /* ibtn_what.png */ = {isa = PBXFileReference; lastKnownFileType = image.png; path = ibtn_what.png; sourceTree = "<group>"; };
		29F4538111AB6F7C00C8BCDB /* tank_01.png */ = {isa = PBXFileReference; lastKnownFileType = image.png; path = tank_01.png; sourceTree = "<group>"; };
		29F4539311AB728B00C8BCDB /* case_tankers.png */ = {isa = PBXFileReference; lastKnownFileType = image.png; path = case_tankers.png; sourceTree = "<group>"; };
		29F4539B11AB76DE00C8BCDB /* connected_background.png */ = {isa = PBXFileReference; lastKnownFileType = image.png; path = connected_background.png; sourceTree = "<group>"; };
		322F261915BB8ABB002ADD90 /* GameServer.h */ = {isa = PBXFileReference; fileEncoding = 4; lastKnownFileType = sourcecode.c.h; path = GameServer.h; sourceTree = "<group>"; };
		322F261A15BB8ABB002ADD90 /* GameServer.m */ = {isa = PBXFileReference; fileEncoding = 4; lastKnownFileType = sourcecode.c.objc; path = GameServer.m; sourceTree = "<group>"; };
		322F262515BBA921002ADD90 /* GameHostViewControllerViewController.h */ = {isa = PBXFileReference; fileEncoding = 4; lastKnownFileType = sourcecode.c.h; path = GameHostViewControllerViewController.h; sourceTree = "<group>"; };
		322F262615BBA921002ADD90 /* GameHostViewControllerViewController.m */ = {isa = PBXFileReference; fileEncoding = 4; lastKnownFileType = sourcecode.c.objc; path = GameHostViewControllerViewController.m; sourceTree = "<group>"; };
		322F262915BBA949002ADD90 /* GameHostViewControllerViewController.xib */ = {isa = PBXFileReference; fileEncoding = 4; lastKnownFileType = file.xib; path = GameHostViewControllerViewController.xib; sourceTree = "<group>"; };
		32CA4F630368D1EE00C91783 /* devcampipad_Prefix.pch */ = {isa = PBXFileReference; fileEncoding = 4; lastKnownFileType = sourcecode.c.h; name = devcampipad_Prefix.pch; path = ../devcampipad_Prefix.pch; sourceTree = "<group>"; };
		8D1107310486CEB800E47090 /* devcampipad-Info.plist */ = {isa = PBXFileReference; fileEncoding = 4; lastKnownFileType = text.plist.xml; name = "devcampipad-Info.plist"; path = "../devcampipad-Info.plist"; plistStructureDefinitionIdentifier = "com.apple.xcode.plist.structure-definition.iphone.info-plist"; sourceTree = "<group>"; };
		A2036809119894F100673E4C /* GameOverViewController.h */ = {isa = PBXFileReference; fileEncoding = 4; lastKnownFileType = sourcecode.c.h; path = GameOverViewController.h; sourceTree = "<group>"; };
		A203680A119894F100673E4C /* GameOverViewController.m */ = {isa = PBXFileReference; fileEncoding = 4; lastKnownFileType = sourcecode.c.objc; path = GameOverViewController.m; sourceTree = "<group>"; };
		A203680B119894F100673E4C /* GameOverViewController.xib */ = {isa = PBXFileReference; lastKnownFileType = file.xib; path = GameOverViewController.xib; sourceTree = "<group>"; };
		A222E1BF117AE735003F81C0 /* loading0.png */ = {isa = PBXFileReference; lastKnownFileType = image.png; path = loading0.png; sourceTree = "<group>"; };
		A222E1C0117AE735003F81C0 /* loading1.png */ = {isa = PBXFileReference; lastKnownFileType = image.png; path = loading1.png; sourceTree = "<group>"; };
		A222E1C1117AE735003F81C0 /* loading10.png */ = {isa = PBXFileReference; lastKnownFileType = image.png; path = loading10.png; sourceTree = "<group>"; };
		A222E1C2117AE735003F81C0 /* loading11.png */ = {isa = PBXFileReference; lastKnownFileType = image.png; path = loading11.png; sourceTree = "<group>"; };
		A222E1C3117AE735003F81C0 /* loading12.png */ = {isa = PBXFileReference; lastKnownFileType = image.png; path = loading12.png; sourceTree = "<group>"; };
		A222E1C4117AE735003F81C0 /* loading13.png */ = {isa = PBXFileReference; lastKnownFileType = image.png; path = loading13.png; sourceTree = "<group>"; };
		A222E1C5117AE736003F81C0 /* loading14.png */ = {isa = PBXFileReference; lastKnownFileType = image.png; path = loading14.png; sourceTree = "<group>"; };
		A222E1C6117AE736003F81C0 /* loading15.png */ = {isa = PBXFileReference; lastKnownFileType = image.png; path = loading15.png; sourceTree = "<group>"; };
		A222E1C7117AE736003F81C0 /* loading16.png */ = {isa = PBXFileReference; lastKnownFileType = image.png; path = loading16.png; sourceTree = "<group>"; };
		A222E1C8117AE736003F81C0 /* loading17.png */ = {isa = PBXFileReference; lastKnownFileType = image.png; path = loading17.png; sourceTree = "<group>"; };
		A222E1C9117AE736003F81C0 /* loading2.png */ = {isa = PBXFileReference; lastKnownFileType = image.png; path = loading2.png; sourceTree = "<group>"; };
		A222E1CA117AE736003F81C0 /* loading3.png */ = {isa = PBXFileReference; lastKnownFileType = image.png; path = loading3.png; sourceTree = "<group>"; };
		A222E1CB117AE736003F81C0 /* loading4.png */ = {isa = PBXFileReference; lastKnownFileType = image.png; path = loading4.png; sourceTree = "<group>"; };
		A222E1CC117AE736003F81C0 /* loading5.png */ = {isa = PBXFileReference; lastKnownFileType = image.png; path = loading5.png; sourceTree = "<group>"; };
		A222E1CD117AE736003F81C0 /* loading6.png */ = {isa = PBXFileReference; lastKnownFileType = image.png; path = loading6.png; sourceTree = "<group>"; };
		A222E1CE117AE736003F81C0 /* loading7.png */ = {isa = PBXFileReference; lastKnownFileType = image.png; path = loading7.png; sourceTree = "<group>"; };
		A222E1CF117AE736003F81C0 /* loading8.png */ = {isa = PBXFileReference; lastKnownFileType = image.png; path = loading8.png; sourceTree = "<group>"; };
		A222E1D0117AE736003F81C0 /* loading9.png */ = {isa = PBXFileReference; lastKnownFileType = image.png; path = loading9.png; sourceTree = "<group>"; };
		A232E95E119E6E1A009B8E39 /* TDiPadControllerView.h */ = {isa = PBXFileReference; fileEncoding = 4; lastKnownFileType = sourcecode.c.h; path = TDiPadControllerView.h; sourceTree = "<group>"; };
		A232E95F119E6E1A009B8E39 /* TDiPadControllerView.m */ = {isa = PBXFileReference; fileEncoding = 4; lastKnownFileType = sourcecode.c.objc; path = TDiPadControllerView.m; sourceTree = "<group>"; };
		A27F7083117994730020433A /* GameKit.framework */ = {isa = PBXFileReference; lastKnownFileType = wrapper.framework; name = GameKit.framework; path = System/Library/Frameworks/GameKit.framework; sourceTree = SDKROOT; };
		A29954A411AB8233007555F4 /* btn_start.png */ = {isa = PBXFileReference; lastKnownFileType = image.png; path = btn_start.png; sourceTree = "<group>"; };
		A29954A511AB8233007555F4 /* btn_play.png */ = {isa = PBXFileReference; lastKnownFileType = image.png; path = btn_play.png; sourceTree = "<group>"; };
		A29954A611AB8233007555F4 /* btn_help.png */ = {isa = PBXFileReference; lastKnownFileType = image.png; path = btn_help.png; sourceTree = "<group>"; };
		A29954AA11AB8241007555F4 /* newgame_tablebg_connect.png */ = {isa = PBXFileReference; lastKnownFileType = image.png; path = newgame_tablebg_connect.png; sourceTree = "<group>"; };
		A29954AB11AB8241007555F4 /* _screen_newgame.png */ = {isa = PBXFileReference; lastKnownFileType = image.png; path = _screen_newgame.png; sourceTree = "<group>"; };
		A29954CF11AB8C16007555F4 /* newgame_light_connect.png */ = {isa = PBXFileReference; lastKnownFileType = image.png; path = newgame_light_connect.png; sourceTree = "<group>"; };
		A29954D111AB8C20007555F4 /* newgame_light_idle.png */ = {isa = PBXFileReference; lastKnownFileType = image.png; path = newgame_light_idle.png; sourceTree = "<group>"; };
		A2AACD8D11913B1E006193E1 /* MainWindow.xib */ = {isa = PBXFileReference; lastKnownFileType = file.xib; name = MainWindow.xib; path = ../MainWindow.xib; sourceTree = "<group>"; };
		A2AACD9511913BE4006193E1 /* AppDelegate.h */ = {isa = PBXFileReference; fileEncoding = 4; lastKnownFileType = sourcecode.c.h; path = AppDelegate.h; sourceTree = "<group>"; };
		A2AACD9611913BE4006193E1 /* AppDelegate.m */ = {isa = PBXFileReference; fileEncoding = 4; lastKnownFileType = sourcecode.c.objc; path = AppDelegate.m; sourceTree = "<group>"; };
		A2AACD9711913BE4006193E1 /* TankPickerController.h */ = {isa = PBXFileReference; fileEncoding = 4; lastKnownFileType = sourcecode.c.h; path = TankPickerController.h; sourceTree = "<group>"; };
		A2AACD9811913BE4006193E1 /* TankPickerController.m */ = {isa = PBXFileReference; fileEncoding = 4; lastKnownFileType = sourcecode.c.objc; path = TankPickerController.m; sourceTree = "<group>"; };
		A2AACD9911913BE4006193E1 /* TankPickerController.xib */ = {isa = PBXFileReference; lastKnownFileType = file.xib; path = TankPickerController.xib; sourceTree = "<group>"; };
		A2AACD9A11913BE4006193E1 /* TKThumbSlider.h */ = {isa = PBXFileReference; fileEncoding = 4; lastKnownFileType = sourcecode.c.h; path = TKThumbSlider.h; sourceTree = "<group>"; };
		A2AACD9B11913BE4006193E1 /* TKThumbSlider.m */ = {isa = PBXFileReference; fileEncoding = 4; lastKnownFileType = sourcecode.c.objc; path = TKThumbSlider.m; sourceTree = "<group>"; };
		A2AACD9C11913BE4006193E1 /* TXSlider.h */ = {isa = PBXFileReference; fileEncoding = 4; lastKnownFileType = sourcecode.c.h; path = TXSlider.h; sourceTree = "<group>"; };
		A2AACD9D11913BE4006193E1 /* TXSlider.m */ = {isa = PBXFileReference; fileEncoding = 4; lastKnownFileType = sourcecode.c.objc; path = TXSlider.m; sourceTree = "<group>"; };
		A2AACDA511913C55006193E1 /* ControlsViewController.xib */ = {isa = PBXFileReference; lastKnownFileType = file.xib; path = ControlsViewController.xib; sourceTree = "<group>"; };
		A2AACDA611913C55006193E1 /* ControlsViewController.m */ = {isa = PBXFileReference; fileEncoding = 4; lastKnownFileType = sourcecode.c.objc; path = ControlsViewController.m; sourceTree = "<group>"; };
		A2AACDA711913C55006193E1 /* ControlsViewController.h */ = {isa = PBXFileReference; fileEncoding = 4; lastKnownFileType = sourcecode.c.h; path = ControlsViewController.h; sourceTree = "<group>"; };
		A2AACDBA11913CB6006193E1 /* AudioToolbox.framework */ = {isa = PBXFileReference; lastKnownFileType = wrapper.framework; name = AudioToolbox.framework; path = System/Library/Frameworks/AudioToolbox.framework; sourceTree = SDKROOT; };
		A2AACDC611913E78006193E1 /* uiSlider_thumb.png */ = {isa = PBXFileReference; lastKnownFileType = image.png; name = uiSlider_thumb.png; path = Images/uiSlider_thumb.png; sourceTree = "<group>"; };
		A2AACDC711913E78006193E1 /* txt_chooseTank.png */ = {isa = PBXFileReference; lastKnownFileType = image.png; name = txt_chooseTank.png; path = Images/txt_chooseTank.png; sourceTree = "<group>"; };
		A2AACDE211913E78006193E1 /* controller_healthbar.png */ = {isa = PBXFileReference; lastKnownFileType = image.png; name = controller_healthbar.png; path = Images/controller_healthbar.png; sourceTree = "<group>"; };
		A2AACDE311913E78006193E1 /* controller_header.png */ = {isa = PBXFileReference; lastKnownFileType = image.png; name = controller_header.png; path = Images/controller_header.png; sourceTree = "<group>"; };
		A2AACDE411913E78006193E1 /* controller_background.png */ = {isa = PBXFileReference; lastKnownFileType = image.png; name = controller_background.png; path = Images/controller_background.png; sourceTree = "<group>"; };
		A2AACDE511913E78006193E1 /* button_fire_up.png */ = {isa = PBXFileReference; lastKnownFileType = image.png; name = button_fire_up.png; path = Images/button_fire_up.png; sourceTree = "<group>"; };
		A2AACDE611913E78006193E1 /* button_fire_down.png */ = {isa = PBXFileReference; lastKnownFileType = image.png; name = button_fire_down.png; path = Images/button_fire_down.png; sourceTree = "<group>"; };
		A2AACE20119140F0006193E1 /* uiSlider_track.png */ = {isa = PBXFileReference; lastKnownFileType = image.png; name = uiSlider_track.png; path = Images/uiSlider_track.png; sourceTree = "<group>"; };
		A2AACE21119140F0006193E1 /* tanktank_bg.png */ = {isa = PBXFileReference; lastKnownFileType = image.png; name = tanktank_bg.png; path = Images/tanktank_bg.png; sourceTree = "<group>"; };
		A2AACE22119140F0006193E1 /* tanktank_bg-1.png */ = {isa = PBXFileReference; lastKnownFileType = image.png; name = "tanktank_bg-1.png"; path = "Images/tanktank_bg-1.png"; sourceTree = "<group>"; };
		A2AACE23119140F0006193E1 /* tank_bullet.png */ = {isa = PBXFileReference; lastKnownFileType = image.png; name = tank_bullet.png; path = Images/tank_bullet.png; sourceTree = "<group>"; };
		A2AACE24119140F0006193E1 /* tank_04.png */ = {isa = PBXFileReference; lastKnownFileType = image.png; name = tank_04.png; path = Images/tank_04.png; sourceTree = "<group>"; };
		A2AACE25119140F0006193E1 /* tank_03.png */ = {isa = PBXFileReference; lastKnownFileType = image.png; name = tank_03.png; path = Images/tank_03.png; sourceTree = "<group>"; };
		A2AACE26119140F0006193E1 /* tank_02.png */ = {isa = PBXFileReference; lastKnownFileType = image.png; name = tank_02.png; path = Images/tank_02.png; sourceTree = "<group>"; };
		A2AACE28119140F0006193E1 /* shield.png */ = {isa = PBXFileReference; lastKnownFileType = image.png; name = shield.png; path = Images/shield.png; sourceTree = "<group>"; };
		A2AACE29119140F0006193E1 /* lockIcon.png */ = {isa = PBXFileReference; lastKnownFileType = image.png; name = lockIcon.png; path = Images/lockIcon.png; sourceTree = "<group>"; };
		A2AACE2A119140F0006193E1 /* Icon.png */ = {isa = PBXFileReference; lastKnownFileType = image.png; name = Icon.png; path = Images/Icon.png; sourceTree = "<group>"; };
		A2AACE2B119140F0006193E1 /* Icon-iPhone.png */ = {isa = PBXFileReference; lastKnownFileType = image.png; name = "Icon-iPhone.png"; path = "Images/Icon-iPhone.png"; sourceTree = "<group>"; };
		A2AACE2C119140F0006193E1 /* Default-Portrait.png */ = {isa = PBXFileReference; lastKnownFileType = image.png; name = "Default-Portrait.png"; path = "Images/Default-Portrait.png"; sourceTree = "<group>"; };
		A2AACE2D119140F0006193E1 /* Default-Landscape.png */ = {isa = PBXFileReference; lastKnownFileType = image.png; name = "Default-Landscape.png"; path = "Images/Default-Landscape.png"; sourceTree = "<group>"; };
		A2AACE2E119140F0006193E1 /* Default-iPhone.png */ = {isa = PBXFileReference; lastKnownFileType = image.png; name = "Default-iPhone.png"; path = "Images/Default-iPhone.png"; sourceTree = "<group>"; };
		A2AACE2F119140F0006193E1 /* bang0011.png */ = {isa = PBXFileReference; lastKnownFileType = image.png; name = bang0011.png; path = Images/bang0011.png; sourceTree = "<group>"; };
		A2AACE30119140F0006193E1 /* bang0010.png */ = {isa = PBXFileReference; lastKnownFileType = image.png; name = bang0010.png; path = Images/bang0010.png; sourceTree = "<group>"; };
		A2AACE31119140F0006193E1 /* bang0009.png */ = {isa = PBXFileReference; lastKnownFileType = image.png; name = bang0009.png; path = Images/bang0009.png; sourceTree = "<group>"; };
		A2AACE32119140F0006193E1 /* bang0008.png */ = {isa = PBXFileReference; lastKnownFileType = image.png; name = bang0008.png; path = Images/bang0008.png; sourceTree = "<group>"; };
		A2AACE33119140F0006193E1 /* bang0007.png */ = {isa = PBXFileReference; lastKnownFileType = image.png; name = bang0007.png; path = Images/bang0007.png; sourceTree = "<group>"; };
		A2AACE34119140F0006193E1 /* bang0006.png */ = {isa = PBXFileReference; lastKnownFileType = image.png; name = bang0006.png; path = Images/bang0006.png; sourceTree = "<group>"; };
		A2AACE35119140F0006193E1 /* bang0005.png */ = {isa = PBXFileReference; lastKnownFileType = image.png; name = bang0005.png; path = Images/bang0005.png; sourceTree = "<group>"; };
		A2AACE36119140F0006193E1 /* bang0004.png */ = {isa = PBXFileReference; lastKnownFileType = image.png; name = bang0004.png; path = Images/bang0004.png; sourceTree = "<group>"; };
		A2AACE37119140F0006193E1 /* bang0003.png */ = {isa = PBXFileReference; lastKnownFileType = image.png; name = bang0003.png; path = Images/bang0003.png; sourceTree = "<group>"; };
		A2AACE38119140F0006193E1 /* bang0002.png */ = {isa = PBXFileReference; lastKnownFileType = image.png; name = bang0002.png; path = Images/bang0002.png; sourceTree = "<group>"; };
		A2AACE39119140F0006193E1 /* bang0001.png */ = {isa = PBXFileReference; lastKnownFileType = image.png; name = bang0001.png; path = Images/bang0001.png; sourceTree = "<group>"; };
		A2AACE551191418B006193E1 /* Sound.h */ = {isa = PBXFileReference; fileEncoding = 4; lastKnownFileType = sourcecode.c.h; path = Sound.h; sourceTree = "<group>"; };
		A2AACE561191418B006193E1 /* Sound.m */ = {isa = PBXFileReference; fileEncoding = 4; lastKnownFileType = sourcecode.c.objc; path = Sound.m; sourceTree = "<group>"; };
		A2AE33C7117B918200BA4B12 /* btn_new-1.png */ = {isa = PBXFileReference; lastKnownFileType = image.png; path = "btn_new-1.png"; sourceTree = "<group>"; };
		A2AE33C9117B919300BA4B12 /* btn_stop.png */ = {isa = PBXFileReference; lastKnownFileType = image.png; path = btn_stop.png; sourceTree = "<group>"; };
		A2AE33D4117B924500BA4B12 /* btn_join.png */ = {isa = PBXFileReference; lastKnownFileType = image.png; path = btn_join.png; sourceTree = "<group>"; };
		A2AE33F9117B93C700BA4B12 /* AVFoundation.framework */ = {isa = PBXFileReference; lastKnownFileType = wrapper.framework; name = AVFoundation.framework; path = System/Library/Frameworks/AVFoundation.framework; sourceTree = SDKROOT; };
		A2CF266211E90D5000C1EF8F /* LocalTankViewController.h */ = {isa = PBXFileReference; fileEncoding = 4; lastKnownFileType = sourcecode.c.h; path = LocalTankViewController.h; sourceTree = "<group>"; };
		A2CF266311E90D5000C1EF8F /* LocalTankViewController.m */ = {isa = PBXFileReference; fileEncoding = 4; lastKnownFileType = sourcecode.c.objc; path = LocalTankViewController.m; sourceTree = "<group>"; };
		A2ECDEE3119E577600F8DFA7 /* TDiPadMenuViewController.m */ = {isa = PBXFileReference; fileEncoding = 4; lastKnownFileType = sourcecode.c.objc; path = TDiPadMenuViewController.m; sourceTree = "<group>"; };
		A2ECDEE4119E577600F8DFA7 /* TDiPadMenuViewController.xib */ = {isa = PBXFileReference; lastKnownFileType = file.xib; path = TDiPadMenuViewController.xib; sourceTree = "<group>"; };
		A2ECDEE5119E577600F8DFA7 /* TDiPadMenuViewController.h */ = {isa = PBXFileReference; fileEncoding = 4; lastKnownFileType = sourcecode.c.h; path = TDiPadMenuViewController.h; sourceTree = "<group>"; };
		A2EF48FC1179A245008647C5 /* Player.h */ = {isa = PBXFileReference; fileEncoding = 4; lastKnownFileType = sourcecode.c.h; path = Player.h; sourceTree = "<group>"; };
		A2EF48FD1179A245008647C5 /* Player.m */ = {isa = PBXFileReference; fileEncoding = 4; lastKnownFileType = sourcecode.c.objc; path = Player.m; sourceTree = "<group>"; };
		ACAD992C15BB8C03007E393F /* StartTankViewController.h */ = {isa = PBXFileReference; fileEncoding = 4; lastKnownFileType = sourcecode.c.h; path = StartTankViewController.h; sourceTree = "<group>"; };
		ACAD992D15BB8C03007E393F /* StartTankViewController.m */ = {isa = PBXFileReference; fileEncoding = 4; lastKnownFileType = sourcecode.c.objc; path = StartTankViewController.m; sourceTree = "<group>"; };
		ACAD992E15BB8C03007E393F /* StartTankViewController.xib */ = {isa = PBXFileReference; fileEncoding = 4; lastKnownFileType = file.xib; path = StartTankViewController.xib; sourceTree = "<group>"; };
		ACAD994115BBA790007E393F /* Icon_addprofile.png */ = {isa = PBXFileReference; lastKnownFileType = image.png; path = Icon_addprofile.png; sourceTree = "<group>"; };
		ACAD994415BBAE76007E393F /* InfoViewController.h */ = {isa = PBXFileReference; fileEncoding = 4; lastKnownFileType = sourcecode.c.h; path = InfoViewController.h; sourceTree = "<group>"; };
		ACAD994515BBAE77007E393F /* InfoViewController.m */ = {isa = PBXFileReference; fileEncoding = 4; lastKnownFileType = sourcecode.c.objc; path = InfoViewController.m; sourceTree = "<group>"; };
		ACAD994615BBAE77007E393F /* InfoViewController.xib */ = {isa = PBXFileReference; fileEncoding = 4; lastKnownFileType = file.xib; path = InfoViewController.xib; sourceTree = "<group>"; };
		C2DF4AD915BB72EE006BB537 /* MediaPlayer.framework */ = {isa = PBXFileReference; lastKnownFileType = wrapper.framework; name = MediaPlayer.framework; path = System/Library/Frameworks/MediaPlayer.framework; sourceTree = SDKROOT; };
		FC8F7F531181685400A7D474 /* Vector.h */ = {isa = PBXFileReference; fileEncoding = 4; lastKnownFileType = sourcecode.c.h; path = Vector.h; sourceTree = "<group>"; };
		FC8F7F541181685400A7D474 /* Vector.m */ = {isa = PBXFileReference; fileEncoding = 4; lastKnownFileType = sourcecode.c.objc; path = Vector.m; sourceTree = "<group>"; };
		FC9481E7119FF17000B7A401 /* smoke.png */ = {isa = PBXFileReference; lastKnownFileType = image.png; name = smoke.png; path = Images/smoke.png; sourceTree = "<group>"; };
		FCA4C323117E875E00968BA9 /* connected.caf */ = {isa = PBXFileReference; lastKnownFileType = file; path = connected.caf; sourceTree = "<group>"; };
		FCA4C324117E875E00968BA9 /* fire.caf */ = {isa = PBXFileReference; lastKnownFileType = file; path = fire.caf; sourceTree = "<group>"; };
		FCA4C325117E875E00968BA9 /* hit.caf */ = {isa = PBXFileReference; lastKnownFileType = file; path = hit.caf; sourceTree = "<group>"; };
		FCA4C326117E875E00968BA9 /* soundtrack.mp3 */ = {isa = PBXFileReference; lastKnownFileType = audio.mp3; path = soundtrack.mp3; sourceTree = "<group>"; };
		FCA4C327117E875E00968BA9 /* track.caf */ = {isa = PBXFileReference; lastKnownFileType = file; path = track.caf; sourceTree = "<group>"; };
		FCB75D88119FC99000662CD5 /* fps_images.png */ = {isa = PBXFileReference; lastKnownFileType = image.png; name = fps_images.png; path = Images/fps_images.png; sourceTree = "<group>"; };
		FCB75D89119FC99000662CD5 /* stars.png */ = {isa = PBXFileReference; lastKnownFileType = image.png; name = stars.png; path = Images/stars.png; sourceTree = "<group>"; };
		FCB75D8A119FC99000662CD5 /* stars.pvr */ = {isa = PBXFileReference; lastKnownFileType = file; name = stars.pvr; path = Images/stars.pvr; sourceTree = "<group>"; };
		FCC68731117AFC570020FB46 /* PowerUp.h */ = {isa = PBXFileReference; fileEncoding = 4; lastKnownFileType = sourcecode.c.h; path = PowerUp.h; sourceTree = "<group>"; };
		FCC68732117AFC570020FB46 /* PowerUp.m */ = {isa = PBXFileReference; fileEncoding = 4; lastKnownFileType = sourcecode.c.objc; path = PowerUp.m; sourceTree = "<group>"; };
		FCC72357119E066A0053F536 /* OpenGLES.framework */ = {isa = PBXFileReference; lastKnownFileType = wrapper.framework; name = OpenGLES.framework; path = System/Library/Frameworks/OpenGLES.framework; sourceTree = SDKROOT; };
		FCC72368119E068A0053F536 /* OpenAL.framework */ = {isa = PBXFileReference; lastKnownFileType = wrapper.framework; name = OpenAL.framework; path = System/Library/Frameworks/OpenAL.framework; sourceTree = SDKROOT; };
		FCC72373119E06A80053F536 /* libz.dylib */ = {isa = PBXFileReference; lastKnownFileType = "compiled.mach-o.dylib"; name = libz.dylib; path = usr/lib/libz.dylib; sourceTree = SDKROOT; };
		FCC7237D119E0B2D0053F536 /* QuartzCore.framework */ = {isa = PBXFileReference; lastKnownFileType = wrapper.framework; name = QuartzCore.framework; path = System/Library/Frameworks/QuartzCore.framework; sourceTree = SDKROOT; };
		FCC724CD119E1B280053F536 /* ball.png */ = {isa = PBXFileReference; lastKnownFileType = image.png; name = ball.png; path = Images/ball.png; sourceTree = "<group>"; };
		FCCC2391117ED75900C7266C /* Cyborg.h */ = {isa = PBXFileReference; fileEncoding = 4; lastKnownFileType = sourcecode.c.h; path = Cyborg.h; sourceTree = "<group>"; };
		FCCC2392117ED75900C7266C /* Cyborg.m */ = {isa = PBXFileReference; fileEncoding = 4; lastKnownFileType = sourcecode.c.objc; path = Cyborg.m; sourceTree = "<group>"; };
		FCCC2468117EE18B00C7266C /* TouchController.h */ = {isa = PBXFileReference; fileEncoding = 4; lastKnownFileType = sourcecode.c.h; path = TouchController.h; sourceTree = "<group>"; };
		FCCC2469117EE18B00C7266C /* TouchController.m */ = {isa = PBXFileReference; fileEncoding = 4; lastKnownFileType = sourcecode.c.objc; path = TouchController.m; sourceTree = "<group>"; };
		FCE1D8D3117A80DC00B18940 /* Bullet.h */ = {isa = PBXFileReference; fileEncoding = 4; lastKnownFileType = sourcecode.c.h; path = Bullet.h; sourceTree = "<group>"; };
		FCE1D8D4117A80DC00B18940 /* Bullet.m */ = {isa = PBXFileReference; fileEncoding = 4; lastKnownFileType = sourcecode.c.objc; path = Bullet.m; sourceTree = "<group>"; };
/* End PBXFileReference section */

/* Begin PBXFrameworksBuildPhase section */
		1D60588F0D05DD3D006BFB54 /* Frameworks */ = {
			isa = PBXFrameworksBuildPhase;
			buildActionMask = 2147483647;
			files = (
				C2DF4ADA15BB72EF006BB537 /* MediaPlayer.framework in Frameworks */,
				1D60589F0D05DD5A006BFB54 /* Foundation.framework in Frameworks */,
				1DF5F4E00D08C38300B7A737 /* UIKit.framework in Frameworks */,
				288765FD0DF74451002DB57D /* CoreGraphics.framework in Frameworks */,
				A27F7084117994730020433A /* GameKit.framework in Frameworks */,
				A2AE33FA117B93C700BA4B12 /* AVFoundation.framework in Frameworks */,
				A2AACDBB11913CB6006193E1 /* AudioToolbox.framework in Frameworks */,
				FCC72358119E066A0053F536 /* OpenGLES.framework in Frameworks */,
				FCC72369119E068A0053F536 /* OpenAL.framework in Frameworks */,
				FCC72374119E06A80053F536 /* libz.dylib in Frameworks */,
				FCC7237E119E0B2D0053F536 /* QuartzCore.framework in Frameworks */,
			);
			runOnlyForDeploymentPostprocessing = 0;
		};
/* End PBXFrameworksBuildPhase section */

/* Begin PBXGroup section */
		080E96DDFE201D6D7F000001 /* iPad */ = {
			isa = PBXGroup;
			children = (
				A2ECDEE3119E577600F8DFA7 /* TDiPadMenuViewController.m */,
				A2ECDEE4119E577600F8DFA7 /* TDiPadMenuViewController.xib */,
				A2ECDEE5119E577600F8DFA7 /* TDiPadMenuViewController.h */,
				28AD733E0D9D9553002E5188 /* MainWindow-iPad.xib */,
				1D3623240D0F684500981E51 /* devcampipadAppDelegate.h */,
				1D3623250D0F684500981E51 /* devcampipadAppDelegate.mm */,
				FCE1D8D3117A80DC00B18940 /* Bullet.h */,
				FCE1D8D4117A80DC00B18940 /* Bullet.m */,
				FCCC2391117ED75900C7266C /* Cyborg.h */,
				FCCC2392117ED75900C7266C /* Cyborg.m */,
				A2EF48FC1179A245008647C5 /* Player.h */,
				A2EF48FD1179A245008647C5 /* Player.m */,
				FCC68731117AFC570020FB46 /* PowerUp.h */,
				FCC68732117AFC570020FB46 /* PowerUp.m */,
				FCCC2468117EE18B00C7266C /* TouchController.h */,
				FCCC2469117EE18B00C7266C /* TouchController.m */,
				FC8F7F531181685400A7D474 /* Vector.h */,
				FC8F7F541181685400A7D474 /* Vector.m */,
				A232E95E119E6E1A009B8E39 /* TDiPadControllerView.h */,
				A232E95F119E6E1A009B8E39 /* TDiPadControllerView.m */,
				A2CF266211E90D5000C1EF8F /* LocalTankViewController.h */,
				A2CF266311E90D5000C1EF8F /* LocalTankViewController.m */,
			);
			name = iPad;
			path = Classes;
			sourceTree = "<group>";
		};
		19C28FACFE9D520D11CA2CBB /* Products */ = {
			isa = PBXGroup;
			children = (
				1D6058910D05DD3D006BFB54 /* devcampipad.app */,
			);
			name = Products;
			sourceTree = "<group>";
		};
		29B97314FDCFA39411CA2CEA /* CustomTemplate */ = {
			isa = PBXGroup;
			children = (
				A2AACE541191418B006193E1 /* Common */,
				A2AACD9411913BE4006193E1 /* iPhone */,
				080E96DDFE201D6D7F000001 /* iPad */,
				29B97317FDCFA39411CA2CEA /* Resources */,
				29B97323FDCFA39411CA2CEA /* Frameworks */,
				19C28FACFE9D520D11CA2CBB /* Products */,
			);
			name = CustomTemplate;
			sourceTree = "<group>";
		};
		29B97317FDCFA39411CA2CEA /* Resources */ = {
			isa = PBXGroup;
			children = (
				FCA4C322117E875E00968BA9 /* Sounds */,
				A2528055117DFFC500680BDC /* Art Assets */,
			);
			name = Resources;
			sourceTree = "<group>";
		};
		29B97323FDCFA39411CA2CEA /* Frameworks */ = {
			isa = PBXGroup;
			children = (
				C2DF4AD915BB72EE006BB537 /* MediaPlayer.framework */,
				FCC72373119E06A80053F536 /* libz.dylib */,
				FCC7237D119E0B2D0053F536 /* QuartzCore.framework */,
				FCC72368119E068A0053F536 /* OpenAL.framework */,
				FCC72357119E066A0053F536 /* OpenGLES.framework */,
				1DF5F4DF0D08C38300B7A737 /* UIKit.framework */,
				1D30AB110D05D00D00671497 /* Foundation.framework */,
				288765FC0DF74451002DB57D /* CoreGraphics.framework */,
				A27F7083117994730020433A /* GameKit.framework */,
				A2AE33F9117B93C700BA4B12 /* AVFoundation.framework */,
				A2AACDBA11913CB6006193E1 /* AudioToolbox.framework */,
			);
			name = Frameworks;
			sourceTree = "<group>";
		};
		A222E1BE117AE735003F81C0 /* loadingSequence */ = {
			isa = PBXGroup;
			children = (
				A222E1BF117AE735003F81C0 /* loading0.png */,
				A222E1C0117AE735003F81C0 /* loading1.png */,
				A222E1C1117AE735003F81C0 /* loading10.png */,
				A222E1C2117AE735003F81C0 /* loading11.png */,
				A222E1C3117AE735003F81C0 /* loading12.png */,
				A222E1C4117AE735003F81C0 /* loading13.png */,
				A222E1C5117AE736003F81C0 /* loading14.png */,
				A222E1C6117AE736003F81C0 /* loading15.png */,
				A222E1C7117AE736003F81C0 /* loading16.png */,
				A222E1C8117AE736003F81C0 /* loading17.png */,
				A222E1C9117AE736003F81C0 /* loading2.png */,
				A222E1CA117AE736003F81C0 /* loading3.png */,
				A222E1CB117AE736003F81C0 /* loading4.png */,
				A222E1CC117AE736003F81C0 /* loading5.png */,
				A222E1CD117AE736003F81C0 /* loading6.png */,
				A222E1CE117AE736003F81C0 /* loading7.png */,
				A222E1CF117AE736003F81C0 /* loading8.png */,
				A222E1D0117AE736003F81C0 /* loading9.png */,
				A2AE33D4117B924500BA4B12 /* btn_join.png */,
				A2AE33C9117B919300BA4B12 /* btn_stop.png */,
				A2AE33C7117B918200BA4B12 /* btn_new-1.png */,
			);
			path = loadingSequence;
			sourceTree = "<group>";
		};
		A2528055117DFFC500680BDC /* Art Assets */ = {
			isa = PBXGroup;
			children = (
				A222E1BE117AE735003F81C0 /* loadingSequence */,
				A2528056117DFFFE00680BDC /* BangSequence */,
				A2A613D111AE3CE50045CAA0 /* Buttons */,
				A2A613D011AE3CBD0045CAA0 /* Tanks */,
				A29954D111AB8C20007555F4 /* newgame_light_idle.png */,
				A29954CF11AB8C16007555F4 /* newgame_light_connect.png */,
				A29954AA11AB8241007555F4 /* newgame_tablebg_connect.png */,
				A29954AB11AB8241007555F4 /* _screen_newgame.png */,
				29F4537711AB6EE300C8BCDB /* h_choosetank.png */,
				29F4537811AB6EE300C8BCDB /* ibtn_connect.png */,
				29F4537911AB6EE300C8BCDB /* ibtn_huh.png */,
				29F4537A11AB6EE300C8BCDB /* ibtn_save.png */,
				29F4537B11AB6EE300C8BCDB /* ibtn_what.png */,
				ACAD994115BBA790007E393F /* Icon_addprofile.png */,
				FC9481E7119FF17000B7A401 /* smoke.png */,
				29F4539B11AB76DE00C8BCDB /* connected_background.png */,
				FCB75D88119FC99000662CD5 /* fps_images.png */,
				FCB75D89119FC99000662CD5 /* stars.png */,
				FCB75D8A119FC99000662CD5 /* stars.pvr */,
				FCC724CD119E1B280053F536 /* ball.png */,
				A2AACE20119140F0006193E1 /* uiSlider_track.png */,
				A2AACE21119140F0006193E1 /* tanktank_bg.png */,
				A2AACE22119140F0006193E1 /* tanktank_bg-1.png */,
				A2AACE23119140F0006193E1 /* tank_bullet.png */,
				29F4539311AB728B00C8BCDB /* case_tankers.png */,
				A2AACE28119140F0006193E1 /* shield.png */,
				A2AACE29119140F0006193E1 /* lockIcon.png */,
				A2AACE2A119140F0006193E1 /* Icon.png */,
				A2AACE2B119140F0006193E1 /* Icon-iPhone.png */,
				A2AACE2C119140F0006193E1 /* Default-Portrait.png */,
				A2AACE2D119140F0006193E1 /* Default-Landscape.png */,
				A2AACE2E119140F0006193E1 /* Default-iPhone.png */,
				A2AACDC611913E78006193E1 /* uiSlider_thumb.png */,
				A2AACDC711913E78006193E1 /* txt_chooseTank.png */,
				A2AACDE211913E78006193E1 /* controller_healthbar.png */,
				A2AACDE311913E78006193E1 /* controller_header.png */,
				A2AACDE411913E78006193E1 /* controller_background.png */,
			);
			name = "Art Assets";
			sourceTree = "<group>";
		};
		A2528056117DFFFE00680BDC /* BangSequence */ = {
			isa = PBXGroup;
			children = (
				A2AACE2F119140F0006193E1 /* bang0011.png */,
				A2AACE30119140F0006193E1 /* bang0010.png */,
				A2AACE31119140F0006193E1 /* bang0009.png */,
				A2AACE32119140F0006193E1 /* bang0008.png */,
				A2AACE33119140F0006193E1 /* bang0007.png */,
				A2AACE34119140F0006193E1 /* bang0006.png */,
				A2AACE35119140F0006193E1 /* bang0005.png */,
				A2AACE36119140F0006193E1 /* bang0004.png */,
				A2AACE37119140F0006193E1 /* bang0003.png */,
				A2AACE38119140F0006193E1 /* bang0002.png */,
				A2AACE39119140F0006193E1 /* bang0001.png */,
			);
			name = BangSequence;
			sourceTree = "<group>";
		};
		A2A613D011AE3CBD0045CAA0 /* Tanks */ = {
			isa = PBXGroup;
			children = (
				29F4538111AB6F7C00C8BCDB /* tank_01.png */,
				A2AACE26119140F0006193E1 /* tank_02.png */,
				A2AACE25119140F0006193E1 /* tank_03.png */,
				A2AACE24119140F0006193E1 /* tank_04.png */,
			);
			name = Tanks;
			sourceTree = "<group>";
		};
		A2A613D111AE3CE50045CAA0 /* Buttons */ = {
			isa = PBXGroup;
			children = (
				A2AACDE511913E78006193E1 /* button_fire_up.png */,
				A2AACDE611913E78006193E1 /* button_fire_down.png */,
				A29954A411AB8233007555F4 /* btn_start.png */,
				A29954A511AB8233007555F4 /* btn_play.png */,
				A29954A611AB8233007555F4 /* btn_help.png */,
			);
			name = Buttons;
			sourceTree = "<group>";
		};
		A2AACD9411913BE4006193E1 /* iPhone */ = {
			isa = PBXGroup;
			children = (
				A2AACD8D11913B1E006193E1 /* MainWindow.xib */,
				A2AACD9511913BE4006193E1 /* AppDelegate.h */,
				A2AACD9611913BE4006193E1 /* AppDelegate.m */,
				ACAD992C15BB8C03007E393F /* StartTankViewController.h */,
				ACAD992D15BB8C03007E393F /* StartTankViewController.m */,
				ACAD992E15BB8C03007E393F /* StartTankViewController.xib */,
				A2AACDA711913C55006193E1 /* ControlsViewController.h */,
				A2AACDA611913C55006193E1 /* ControlsViewController.m */,
				A2AACDA511913C55006193E1 /* ControlsViewController.xib */,
				A2AACD9711913BE4006193E1 /* TankPickerController.h */,
				A2AACD9811913BE4006193E1 /* TankPickerController.m */,
				A2AACD9911913BE4006193E1 /* TankPickerController.xib */,
				A2AACD9A11913BE4006193E1 /* TKThumbSlider.h */,
				A2AACD9B11913BE4006193E1 /* TKThumbSlider.m */,
				A2AACD9C11913BE4006193E1 /* TXSlider.h */,
				A2AACD9D11913BE4006193E1 /* TXSlider.m */,
				A2036809119894F100673E4C /* GameOverViewController.h */,
				A203680A119894F100673E4C /* GameOverViewController.m */,
				A203680B119894F100673E4C /* GameOverViewController.xib */,
				ACAD994415BBAE76007E393F /* InfoViewController.h */,
				ACAD994515BBAE77007E393F /* InfoViewController.m */,
				ACAD994615BBAE77007E393F /* InfoViewController.xib */,
				322F262515BBA921002ADD90 /* GameHostViewControllerViewController.h */,
				322F262615BBA921002ADD90 /* GameHostViewControllerViewController.m */,
				322F262915BBA949002ADD90 /* GameHostViewControllerViewController.xib */,
			);
			name = iPhone;
			path = "Classes-iPhone";
			sourceTree = "<group>";
		};
		A2AACE541191418B006193E1 /* Common */ = {
			isa = PBXGroup;
			children = (
				8D1107310486CEB800E47090 /* devcampipad-Info.plist */,
				32CA4F630368D1EE00C91783 /* devcampipad_Prefix.pch */,
				29B97316FDCFA39411CA2CEA /* main.m */,
				A2AACE551191418B006193E1 /* Sound.h */,
				A2AACE561191418B006193E1 /* Sound.m */,
				322F261915BB8ABB002ADD90 /* GameServer.h */,
				322F261A15BB8ABB002ADD90 /* GameServer.m */,
			);
			name = Common;
			path = "Classes-Shared";
			sourceTree = "<group>";
		};
		FCA4C322117E875E00968BA9 /* Sounds */ = {
			isa = PBXGroup;
			children = (
				FCA4C323117E875E00968BA9 /* connected.caf */,
				FCA4C324117E875E00968BA9 /* fire.caf */,
				FCA4C325117E875E00968BA9 /* hit.caf */,
				FCA4C326117E875E00968BA9 /* soundtrack.mp3 */,
				FCA4C327117E875E00968BA9 /* track.caf */,
			);
			path = Sounds;
			sourceTree = "<group>";
		};
/* End PBXGroup section */

/* Begin PBXNativeTarget section */
		1D6058900D05DD3D006BFB54 /* devcampipad */ = {
			isa = PBXNativeTarget;
			buildConfigurationList = 1D6058960D05DD3E006BFB54 /* Build configuration list for PBXNativeTarget "devcampipad" */;
			buildPhases = (
				1D60588D0D05DD3D006BFB54 /* Resources */,
				1D60588E0D05DD3D006BFB54 /* Sources */,
				1D60588F0D05DD3D006BFB54 /* Frameworks */,
			);
			buildRules = (
			);
			dependencies = (
			);
			name = devcampipad;
			productName = devcampipad;
			productReference = 1D6058910D05DD3D006BFB54 /* devcampipad.app */;
			productType = "com.apple.product-type.application";
		};
/* End PBXNativeTarget section */

/* Begin PBXProject section */
		29B97313FDCFA39411CA2CEA /* Project object */ = {
			isa = PBXProject;
			attributes = {
				LastUpgradeCheck = 0430;
			};
			buildConfigurationList = C01FCF4E08A954540054247B /* Build configuration list for PBXProject "devcampipad" */;
			compatibilityVersion = "Xcode 3.2";
			developmentRegion = English;
			hasScannedForEncodings = 1;
			knownRegions = (
				en,
			);
			mainGroup = 29B97314FDCFA39411CA2CEA /* CustomTemplate */;
			projectDirPath = "";
			projectRoot = "";
			targets = (
				1D6058900D05DD3D006BFB54 /* devcampipad */,
			);
		};
/* End PBXProject section */

/* Begin PBXResourcesBuildPhase section */
		1D60588D0D05DD3D006BFB54 /* Resources */ = {
			isa = PBXResourcesBuildPhase;
			buildActionMask = 2147483647;
			files = (
				28AD733F0D9D9553002E5188 /* MainWindow-iPad.xib in Resources */,
				A222E1D1117AE736003F81C0 /* loading0.png in Resources */,
				A222E1D2117AE736003F81C0 /* loading1.png in Resources */,
				A222E1D3117AE736003F81C0 /* loading10.png in Resources */,
				A222E1D4117AE736003F81C0 /* loading11.png in Resources */,
				A222E1D5117AE736003F81C0 /* loading12.png in Resources */,
				A222E1D6117AE736003F81C0 /* loading13.png in Resources */,
				A222E1D7117AE736003F81C0 /* loading14.png in Resources */,
				A222E1D8117AE736003F81C0 /* loading15.png in Resources */,
				A222E1D9117AE736003F81C0 /* loading16.png in Resources */,
				A222E1DA117AE736003F81C0 /* loading17.png in Resources */,
				A222E1DB117AE736003F81C0 /* loading2.png in Resources */,
				A222E1DC117AE736003F81C0 /* loading3.png in Resources */,
				A222E1DD117AE736003F81C0 /* loading4.png in Resources */,
				A222E1DE117AE736003F81C0 /* loading5.png in Resources */,
				A222E1DF117AE736003F81C0 /* loading6.png in Resources */,
				A222E1E0117AE736003F81C0 /* loading7.png in Resources */,
				A222E1E1117AE736003F81C0 /* loading8.png in Resources */,
				A222E1E2117AE736003F81C0 /* loading9.png in Resources */,
				A2AE33C8117B918200BA4B12 /* btn_new-1.png in Resources */,
				A2AE33CA117B919300BA4B12 /* btn_stop.png in Resources */,
				A2AE33D5117B924500BA4B12 /* btn_join.png in Resources */,
				FCA4C328117E875E00968BA9 /* connected.caf in Resources */,
				FCA4C329117E875E00968BA9 /* fire.caf in Resources */,
				FCA4C32A117E875E00968BA9 /* hit.caf in Resources */,
				FCA4C32B117E875E00968BA9 /* soundtrack.mp3 in Resources */,
				FCA4C32C117E875E00968BA9 /* track.caf in Resources */,
				A2AACD8E11913B1E006193E1 /* MainWindow.xib in Resources */,
				A2AACDA011913BE4006193E1 /* TankPickerController.xib in Resources */,
				A2AACDA811913C55006193E1 /* ControlsViewController.xib in Resources */,
				A2AACDE711913E78006193E1 /* uiSlider_thumb.png in Resources */,
				A2AACDE811913E78006193E1 /* txt_chooseTank.png in Resources */,
				A2AACDF611913E78006193E1 /* controller_healthbar.png in Resources */,
				A2AACDF711913E78006193E1 /* controller_header.png in Resources */,
				A2AACDF811913E78006193E1 /* controller_background.png in Resources */,
				A2AACDF911913E78006193E1 /* button_fire_up.png in Resources */,
				A2AACDFA11913E78006193E1 /* button_fire_down.png in Resources */,
				A2AACE3A119140F0006193E1 /* uiSlider_track.png in Resources */,
				A2AACE3B119140F0006193E1 /* tanktank_bg.png in Resources */,
				A2AACE3C119140F0006193E1 /* tanktank_bg-1.png in Resources */,
				A2AACE3D119140F0006193E1 /* tank_bullet.png in Resources */,
				A2AACE3E119140F0006193E1 /* tank_04.png in Resources */,
				A2AACE3F119140F0006193E1 /* tank_03.png in Resources */,
				A2AACE40119140F0006193E1 /* tank_02.png in Resources */,
				A2AACE42119140F0006193E1 /* shield.png in Resources */,
				A2AACE43119140F0006193E1 /* lockIcon.png in Resources */,
				A2AACE44119140F0006193E1 /* Icon.png in Resources */,
				A2AACE45119140F0006193E1 /* Icon-iPhone.png in Resources */,
				A2AACE46119140F0006193E1 /* Default-Portrait.png in Resources */,
				A2AACE47119140F0006193E1 /* Default-Landscape.png in Resources */,
				A2AACE48119140F0006193E1 /* Default-iPhone.png in Resources */,
				A2AACE49119140F0006193E1 /* bang0011.png in Resources */,
				A2AACE4A119140F0006193E1 /* bang0010.png in Resources */,
				A2AACE4B119140F0006193E1 /* bang0009.png in Resources */,
				A2AACE4C119140F0006193E1 /* bang0008.png in Resources */,
				A2AACE4D119140F0006193E1 /* bang0007.png in Resources */,
				A2AACE4E119140F0006193E1 /* bang0006.png in Resources */,
				A2AACE4F119140F0006193E1 /* bang0005.png in Resources */,
				A2AACE50119140F0006193E1 /* bang0004.png in Resources */,
				A2AACE51119140F0006193E1 /* bang0003.png in Resources */,
				A2AACE52119140F0006193E1 /* bang0002.png in Resources */,
				A2AACE53119140F0006193E1 /* bang0001.png in Resources */,
				A203680D119894F100673E4C /* GameOverViewController.xib in Resources */,
				FCC724CE119E1B280053F536 /* ball.png in Resources */,
				A2ECDEE7119E577600F8DFA7 /* TDiPadMenuViewController.xib in Resources */,
				FCB75D8B119FC99000662CD5 /* fps_images.png in Resources */,
				FCB75D8C119FC99000662CD5 /* stars.png in Resources */,
				FCB75D8D119FC99000662CD5 /* stars.pvr in Resources */,
				FC9481E8119FF17000B7A401 /* smoke.png in Resources */,
				29F4537C11AB6EE300C8BCDB /* h_choosetank.png in Resources */,
				29F4537D11AB6EE300C8BCDB /* ibtn_connect.png in Resources */,
				29F4537E11AB6EE300C8BCDB /* ibtn_huh.png in Resources */,
				29F4537F11AB6EE300C8BCDB /* ibtn_save.png in Resources */,
				29F4538011AB6EE300C8BCDB /* ibtn_what.png in Resources */,
				29F4538211AB6F7C00C8BCDB /* tank_01.png in Resources */,
				29F4539411AB728B00C8BCDB /* case_tankers.png in Resources */,
				29F4539C11AB76DE00C8BCDB /* connected_background.png in Resources */,
				A29954A711AB8233007555F4 /* btn_start.png in Resources */,
				A29954A811AB8233007555F4 /* btn_play.png in Resources */,
				A29954A911AB8233007555F4 /* btn_help.png in Resources */,
				A29954AC11AB8241007555F4 /* newgame_tablebg_connect.png in Resources */,
				A29954AD11AB8241007555F4 /* _screen_newgame.png in Resources */,
				A29954D011AB8C16007555F4 /* newgame_light_connect.png in Resources */,
				A29954D211AB8C20007555F4 /* newgame_light_idle.png in Resources */,
				ACAD993015BB8C03007E393F /* StartTankViewController.xib in Resources */,
				ACAD994215BBA790007E393F /* Icon_addprofile.png in Resources */,
				ACAD994815BBAE78007E393F /* InfoViewController.xib in Resources */,
				322F262A15BBA949002ADD90 /* GameHostViewControllerViewController.xib in Resources */,
			);
			runOnlyForDeploymentPostprocessing = 0;
		};
/* End PBXResourcesBuildPhase section */

/* Begin PBXSourcesBuildPhase section */
		1D60588E0D05DD3D006BFB54 /* Sources */ = {
			isa = PBXSourcesBuildPhase;
			buildActionMask = 2147483647;
			files = (
				1D60589B0D05DD56006BFB54 /* main.m in Sources */,
				1D3623260D0F684500981E51 /* devcampipadAppDelegate.mm in Sources */,
				A2EF48FE1179A245008647C5 /* Player.m in Sources */,
				FCE1D8D5117A80DC00B18940 /* Bullet.m in Sources */,
				FCC68733117AFC570020FB46 /* PowerUp.m in Sources */,
				FCCC2393117ED75900C7266C /* Cyborg.m in Sources */,
				FCCC246A117EE18B00C7266C /* TouchController.m in Sources */,
				FC8F7F551181685400A7D474 /* Vector.m in Sources */,
				A2AACD9E11913BE4006193E1 /* AppDelegate.m in Sources */,
				A2AACD9F11913BE4006193E1 /* TankPickerController.m in Sources */,
				A2AACDA111913BE4006193E1 /* TKThumbSlider.m in Sources */,
				A2AACDA211913BE4006193E1 /* TXSlider.m in Sources */,
				A2AACDA911913C55006193E1 /* ControlsViewController.m in Sources */,
				A2AACE571191418B006193E1 /* Sound.m in Sources */,
				A203680C119894F100673E4C /* GameOverViewController.m in Sources */,
				A2ECDEE6119E577600F8DFA7 /* TDiPadMenuViewController.m in Sources */,
				A232E961119E6E1A009B8E39 /* TDiPadControllerView.m in Sources */,
				A2CF266511E90D5000C1EF8F /* LocalTankViewController.m in Sources */,
				322F261B15BB8ABB002ADD90 /* GameServer.m in Sources */,
				ACAD992F15BB8C03007E393F /* StartTankViewController.m in Sources */,
				ACAD994715BBAE78007E393F /* InfoViewController.m in Sources */,
				322F262715BBA921002ADD90 /* GameHostViewControllerViewController.m in Sources */,
			);
			runOnlyForDeploymentPostprocessing = 0;
		};
/* End PBXSourcesBuildPhase section */

/* Begin XCBuildConfiguration section */
		1D6058940D05DD3E006BFB54 /* Debug */ = {
			isa = XCBuildConfiguration;
			buildSettings = {
				ALWAYS_SEARCH_USER_PATHS = NO;
				"CODE_SIGN_IDENTITY[sdk=iphoneos*]" = "iPhone Developer: ";
				COPY_PHASE_STRIP = NO;
				GCC_DYNAMIC_NO_PIC = NO;
				GCC_OPTIMIZATION_LEVEL = 0;
				GCC_PRECOMPILE_PREFIX_HEADER = YES;
				GCC_PREFIX_HEADER = devcampipad_Prefix.pch;
				HEADER_SEARCH_PATHS = (
					"$SOURCE_ROOT/Cocos2d/external/**",
					$SOURCE_ROOT/Cocos2d/cocos2d,
				);
				INFOPLIST_FILE = "devcampipad-Info.plist";
				IPHONEOS_DEPLOYMENT_TARGET = 4.0;
				PRODUCT_NAME = devcampipad;
				"PROVISIONING_PROFILE[sdk=iphoneos*]" = "";
				SDKROOT = iphoneos;
			};
			name = Debug;
		};
		1D6058950D05DD3E006BFB54 /* Release */ = {
			isa = XCBuildConfiguration;
			buildSettings = {
				ALWAYS_SEARCH_USER_PATHS = NO;
				COPY_PHASE_STRIP = YES;
				GCC_PRECOMPILE_PREFIX_HEADER = YES;
				GCC_PREFIX_HEADER = devcampipad_Prefix.pch;
				INFOPLIST_FILE = "devcampipad-Info.plist";
				IPHONEOS_DEPLOYMENT_TARGET = 4.0;
				PRODUCT_NAME = devcampipad;
				SDKROOT = iphoneos;
				VALIDATE_PRODUCT = YES;
			};
			name = Release;
		};
		C01FCF4F08A954540054247B /* Debug */ = {
			isa = XCBuildConfiguration;
			buildSettings = {
				"ARCHS[sdk=iphoneos*]" = "$(ARCHS_STANDARD_32_BIT)";
				"ARCHS[sdk=iphonesimulator*]" = i386;
				"CODE_SIGN_IDENTITY[sdk=iphoneos*]" = "iPhone Developer: Brad Smith (E6H49PRR5D)";
				GCC_C_LANGUAGE_STANDARD = c99;
				GCC_WARN_ABOUT_RETURN_TYPE = YES;
				GCC_WARN_UNUSED_VARIABLE = YES;
				IPHONEOS_DEPLOYMENT_TARGET = 3.2;
				"PROVISIONING_PROFILE[sdk=iphoneos*]" = "F2B97F80-568C-4E4B-B822-1741101A23D4";
				SDKROOT = iphoneos;
				TARGETED_DEVICE_FAMILY = "1,2";
			};
			name = Debug;
		};
		C01FCF5008A954540054247B /* Release */ = {
			isa = XCBuildConfiguration;
			buildSettings = {
				"ARCHS[sdk=iphoneos*]" = "$(ARCHS_STANDARD_32_BIT)";
				"ARCHS[sdk=iphonesimulator*]" = i386;
				"CODE_SIGN_IDENTITY[sdk=iphoneos*]" = "iPhone Developer: Brad Smith (E6H49PRR5D)";
				GCC_C_LANGUAGE_STANDARD = c99;
				GCC_WARN_ABOUT_RETURN_TYPE = YES;
				GCC_WARN_UNUSED_VARIABLE = YES;
				IPHONEOS_DEPLOYMENT_TARGET = 3.2;
				OTHER_CFLAGS = "-DNS_BLOCK_ASSERTIONS=1";
				"PROVISIONING_PROFILE[sdk=iphoneos*]" = "99533CF7-E265-4FBB-B20A-22A8FA6C78D7";
				SDKROOT = iphoneos;
				TARGETED_DEVICE_FAMILY = "1,2";
			};
			name = Release;
		};
/* End XCBuildConfiguration section */

/* Begin XCConfigurationList section */
		1D6058960D05DD3E006BFB54 /* Build configuration list for PBXNativeTarget "devcampipad" */ = {
			isa = XCConfigurationList;
			buildConfigurations = (
				1D6058940D05DD3E006BFB54 /* Debug */,
				1D6058950D05DD3E006BFB54 /* Release */,
			);
			defaultConfigurationIsVisible = 0;
			defaultConfigurationName = Release;
		};
		C01FCF4E08A954540054247B /* Build configuration list for PBXProject "devcampipad" */ = {
			isa = XCConfigurationList;
			buildConfigurations = (
				C01FCF4F08A954540054247B /* Debug */,
				C01FCF5008A954540054247B /* Release */,
			);
			defaultConfigurationIsVisible = 0;
			defaultConfigurationName = Release;
		};
/* End XCConfigurationList section */
	};
	rootObject = 29B97313FDCFA39411CA2CEA /* Project object */;
}
